
Microsoft Visual Studio Solution File, Format Version 12.00
# Visual Studio Version 16
VisualStudioVersion = 16.0.31402.337
MinimumVisualStudioVersion = 10.0.40219.1
Project("{FAE04EC0-301F-11D3-BF4B-00C04F79EFBC}") = "GeneralStoreMVC", "GeneralStoreMVC\GeneralStoreMVC.csproj", "{9E9BD740-4597-4FEE-9905-6D039DB56A60}"
EndProject
Global
	GlobalSection(SolutionConfigurationPlatforms) = preSolution
		Debug|Any CPU = Debug|Any CPU
		Release|Any CPU = Release|Any CPU
	EndGlobalSection
	GlobalSection(ProjectConfigurationPlatforms) = postSolution
		{9E9BD740-4597-4FEE-9905-6D039DB56A60}.Debug|Any CPU.ActiveCfg = Debug|Any CPU
		{9E9BD740-4597-4FEE-9905-6D039DB56A60}.Debug|Any CPU.Build.0 = Debug|Any CPU
		{9E9BD740-4597-4FEE-9905-6D039DB56A60}.Release|Any CPU.ActiveCfg = Release|Any CPU
		{9E9BD740-4597-4FEE-9905-6D039DB56A60}.Release|Any CPU.Build.0 = Release|Any CPU
	EndGlobalSection
	GlobalSection(SolutionProperties) = preSolution
		HideSolutionNode = FALSE
	EndGlobalSection
	GlobalSection(ExtensibilityGlobals) = postSolution
		SolutionGuid = {FAE5243C-780D-4A37-8103-782D08D89B80}
	EndGlobalSection
EndGlobal
